
Microsoft Visual Studio Solution File, Format Version 12.00
# Visual Studio Version 17
VisualStudioVersion = 17.8.34330.188
MinimumVisualStudioVersion = 10.0.40219.1
Project("{FAE04EC0-301F-11D3-BF4B-00C04F79EFBC}") = "IceSync.Server", "IceSync.Server\IceSync.Server.csproj", "{AE0ADD23-6D40-4CE2-90E7-1EE0A51778AE}"
EndProject
Project("{54A90642-561A-4BB1-A94E-469ADEE60C69}") = "icesync.client", "icesync.client\icesync.client.esproj", "{1DF1076F-BAA5-4541-803F-6137B2C31BCC}"
EndProject
Global
	GlobalSection(SolutionConfigurationPlatforms) = preSolution
		Debug|Any CPU = Debug|Any CPU
		Release|Any CPU = Release|Any CPU
	EndGlobalSection
	GlobalSection(ProjectConfigurationPlatforms) = postSolution
		{AE0ADD23-6D40-4CE2-90E7-1EE0A51778AE}.Debug|Any CPU.ActiveCfg = Debug|Any CPU
		{AE0ADD23-6D40-4CE2-90E7-1EE0A51778AE}.Debug|Any CPU.Build.0 = Debug|Any CPU
		{AE0ADD23-6D40-4CE2-90E7-1EE0A51778AE}.Release|Any CPU.ActiveCfg = Release|Any CPU
		{AE0ADD23-6D40-4CE2-90E7-1EE0A51778AE}.Release|Any CPU.Build.0 = Release|Any CPU
		{1DF1076F-BAA5-4541-803F-6137B2C31BCC}.Debug|Any CPU.ActiveCfg = Debug|Any CPU
		{1DF1076F-BAA5-4541-803F-6137B2C31BCC}.Debug|Any CPU.Build.0 = Debug|Any CPU
		{1DF1076F-BAA5-4541-803F-6137B2C31BCC}.Debug|Any CPU.Deploy.0 = Debug|Any CPU
		{1DF1076F-BAA5-4541-803F-6137B2C31BCC}.Release|Any CPU.ActiveCfg = Release|Any CPU
		{1DF1076F-BAA5-4541-803F-6137B2C31BCC}.Release|Any CPU.Build.0 = Release|Any CPU
		{1DF1076F-BAA5-4541-803F-6137B2C31BCC}.Release|Any CPU.Deploy.0 = Release|Any CPU
	EndGlobalSection
	GlobalSection(SolutionProperties) = preSolution
		HideSolutionNode = FALSE
	EndGlobalSection
	GlobalSection(ExtensibilityGlobals) = postSolution
		SolutionGuid = {7D9B1AC9-59A3-42CA-AC32-CEBB3A507401}
	EndGlobalSection
EndGlobal
